
Microsoft Visual Studio Solution File, Format Version 12.00
# Visual Studio 15
VisualStudioVersion = 15.0.28307.779
MinimumVisualStudioVersion = 10.0.40219.1
Project("{8BC9CEB8-8B4A-11D0-8D11-00A0C91BC942}") = "Week1_1_6", "Week1_1_6\Week1_1_6.vcxproj", "{4AE9DBEF-1551-4845-ABEF-C8F38B9D1A20}"
EndProject
Global
	GlobalSection(SolutionConfigurationPlatforms) = preSolution
		Debug|x64 = Debug|x64
		Debug|x86 = Debug|x86
		Release|x64 = Release|x64
		Release|x86 = Release|x86
	EndGlobalSection
	GlobalSection(ProjectConfigurationPlatforms) = postSolution
		{4AE9DBEF-1551-4845-ABEF-C8F38B9D1A20}.Debug|x64.ActiveCfg = Debug|x64
		{4AE9DBEF-1551-4845-ABEF-C8F38B9D1A20}.Debug|x64.Build.0 = Debug|x64
		{4AE9DBEF-1551-4845-ABEF-C8F38B9D1A20}.Debug|x86.ActiveCfg = Debug|Win32
		{4AE9DBEF-1551-4845-ABEF-C8F38B9D1A20}.Debug|x86.Build.0 = Debug|Win32
		{4AE9DBEF-1551-4845-ABEF-C8F38B9D1A20}.Release|x64.ActiveCfg = Release|x64
		{4AE9DBEF-1551-4845-ABEF-C8F38B9D1A20}.Release|x64.Build.0 = Release|x64
		{4AE9DBEF-1551-4845-ABEF-C8F38B9D1A20}.Release|x86.ActiveCfg = Release|Win32
		{4AE9DBEF-1551-4845-ABEF-C8F38B9D1A20}.Release|x86.Build.0 = Release|Win32
	EndGlobalSection
	GlobalSection(SolutionProperties) = preSolution
		HideSolutionNode = FALSE
	EndGlobalSection
	GlobalSection(ExtensibilityGlobals) = postSolution
		SolutionGuid = {0E2C92B5-3AE1-4C70-B08E-803819058EB5}
	EndGlobalSection
EndGlobal
